
Microsoft Visual Studio Solution File, Format Version 12.00
# Visual Studio Version 16
VisualStudioVersion = 16.0.30804.86
MinimumVisualStudioVersion = 10.0.40219.1
Project("{FAE04EC0-301F-11D3-BF4B-00C04F79EFBC}") = "ServiceBus.Producer", "ServiceBus.Producer\ServiceBus.Producer.csproj", "{C7522FB7-2B58-4E43-8FAB-E814B43A0BEC}"
EndProject
Global
	GlobalSection(SolutionConfigurationPlatforms) = preSolution
		Debug|Any CPU = Debug|Any CPU
		Release|Any CPU = Release|Any CPU
	EndGlobalSection
	GlobalSection(ProjectConfigurationPlatforms) = postSolution
		{C7522FB7-2B58-4E43-8FAB-E814B43A0BEC}.Debug|Any CPU.ActiveCfg = Debug|Any CPU
		{C7522FB7-2B58-4E43-8FAB-E814B43A0BEC}.Debug|Any CPU.Build.0 = Debug|Any CPU
		{C7522FB7-2B58-4E43-8FAB-E814B43A0BEC}.Release|Any CPU.ActiveCfg = Release|Any CPU
		{C7522FB7-2B58-4E43-8FAB-E814B43A0BEC}.Release|Any CPU.Build.0 = Release|Any CPU
	EndGlobalSection
	GlobalSection(SolutionProperties) = preSolution
		HideSolutionNode = FALSE
	EndGlobalSection
	GlobalSection(ExtensibilityGlobals) = postSolution
		SolutionGuid = {654AC34E-AB97-48C9-996E-95F0EF07CE6A}
	EndGlobalSection
EndGlobal
